{
  "nodes": {
    "advisory-db": {
      "flake": false,
      "locked": {
        "lastModified": 1733371256,
        "narHash": "sha256-gWvibGRlB+SMgqTOblVPpkcIAcl0LppLz1dBukEyXoY=",
        "owner": "rustsec",
        "repo": "advisory-db",
        "rev": "463107188fc02ccaddefc8f4a65746afa06bb7fa",
        "type": "github"
      },
      "original": {
        "owner": "rustsec",
        "repo": "advisory-db",
        "type": "github"
      }
    },
    "crane": {
      "locked": {
        "lastModified": 1733418579,
        "narHash": "sha256-0fJaoI4B9Nn67E1P44usZhZHkSSyWdAI23HU+X+HJCQ=",
        "owner": "ipetkov",
        "repo": "crane",
        "rev": "62e50137688d953557f156f01e2ad2a25b22d66c",
        "type": "github"
      },
      "original": {
        "owner": "ipetkov",
        "repo": "crane",
        "type": "github"
      }
    },
    "fenix": {
      "inputs": {
        "nixpkgs": [
          "nixpkgs"
        ],
        "rust-analyzer-src": "rust-analyzer-src"
      },
      "locked": {
        "lastModified": 1733639704,
        "narHash": "sha256-BOnQcijJKaGzlO8JfdiwoJuLyN75oawzNtDXBJmApJw=",
        "owner": "nix-community",
        "repo": "fenix",
        "rev": "623d27686a7c03e28e6c6dcfaedad367fe55145c",
        "type": "github"
      },
      "original": {
        "owner": "nix-community",
        "repo": "fenix",
        "type": "github"
      }
    },
    "flake-compat": {
      "flake": false,
      "locked": {
        "lastModified": 1733328505,
        "narHash": "sha256-NeCCThCEP3eCl2l/+27kNNK7QrwZB1IJCrXfrbv5oqU=",
        "owner": "edolstra",
        "repo": "flake-compat",
        "rev": "ff81ac966bb2cae68946d5ed5fc4994f96d0ffec",
        "type": "github"
      },
      "original": {
        "owner": "edolstra",
        "repo": "flake-compat",
        "type": "github"
      }
    },
    "flake-utils": {
      "inputs": {
        "systems": "systems"
      },
      "locked": {
        "lastModified": 1731533236,
        "narHash": "sha256-l0KFg5HjrsfsO/JpG+r7fRrqm12kzFHyUHqHCVpMMbI=",
        "owner": "numtide",
        "repo": "flake-utils",
        "rev": "11707dc2f618dd54ca8739b309ec4fc024de578b",
        "type": "github"
      },
      "original": {
        "owner": "numtide",
        "repo": "flake-utils",
        "type": "github"
      }
    },
    "nixpkgs": {
      "locked": {
        "lastModified": 1733376361,
        "narHash": "sha256-aLJxoTDDSqB+/3orsulE6/qdlX6MzDLIITLZqdgMpqo=",
        "owner": "NixOS",
        "repo": "nixpkgs",
        "rev": "929116e316068c7318c54eb4d827f7d9756d5e9c",
        "type": "github"
      },
      "original": {
        "owner": "NixOS",
        "ref": "nixpkgs-unstable",
        "repo": "nixpkgs",
        "type": "github"
      }
    },
    "nixpkgs-latest-release": {
      "locked": {
        "lastModified": 1733681363,
        "narHash": "sha256-1Wxksu/RFk4cp73+kw02gXdheCOUw4fNrBRF7t3Qglk=",
        "owner": "NixOS",
        "repo": "nixpkgs",
        "rev": "05184c176782b03e4af74f75e61ed337fb76c0cf",
        "type": "github"
      },
      "original": {
        "owner": "NixOS",
        "ref": "release-24.11",
        "repo": "nixpkgs",
        "type": "github"
      }
    },
    "root": {
      "inputs": {
        "advisory-db": "advisory-db",
        "crane": "crane",
        "fenix": "fenix",
        "flake-compat": "flake-compat",
        "flake-utils": "flake-utils",
        "nixpkgs": "nixpkgs",
        "nixpkgs-latest-release": "nixpkgs-latest-release",
        "rust-overlay": "rust-overlay"
      }
    },
    "rust-analyzer-src": {
      "flake": false,
      "locked": {
        "lastModified": 1733574460,
        "narHash": "sha256-YSKgunlXLHq/ylgm1H38Cy19q6g7m+SGBXQCbEz7nvc=",
        "owner": "rust-lang",
        "repo": "rust-analyzer",
        "rev": "4a418837f2e35ec7ab9620f339bab9719db4db40",
        "type": "github"
      },
      "original": {
        "owner": "rust-lang",
        "ref": "nightly",
        "repo": "rust-analyzer",
        "type": "github"
      }
    },
    "rust-overlay": {
      "inputs": {
        "nixpkgs": [
          "nixpkgs"
        ]
      },
      "locked": {
        "lastModified": 1733625333,
        "narHash": "sha256-tIML2axjm4AnlKP29upVJxzBpj4Cy4ak+PKonqQtXmc=",
        "owner": "oxalica",
        "repo": "rust-overlay",
        "rev": "430c8b054e45ea44fd2c9521a378306ada507a6c",
        "type": "github"
      },
      "original": {
        "owner": "oxalica",
        "repo": "rust-overlay",
        "type": "github"
      }
    },
    "systems": {
      "locked": {
        "lastModified": 1681028828,
        "narHash": "sha256-Vy1rq5AaRuLzOxct8nz4T6wlgyUR7zLU309k9mBC768=",
        "owner": "nix-systems",
        "repo": "default",
        "rev": "da67096a3b9bf56a91d16901293e51ba5b49a27e",
        "type": "github"
      },
      "original": {
        "owner": "nix-systems",
        "repo": "default",
        "type": "github"
      }
    }
  },
  "root": "root",
  "version": 7
}
