{
  "nodes": {
    "nixpkgs": {
      "locked": {
        "lastModified": 1716062047,
        "narHash": "sha256-OhysviwHQz4p2HZL4g7XGMLoUbWMjkMr/ogaR3VUYNA=",
        "owner": "NixOS",
        "repo": "nixpkgs",
        "rev": "02923630b89aa1ab36ef8e422501a6f4fd4b2016",
        "type": "github"
      },
      "original": {
        "owner": "NixOS",
        "ref": "nixpkgs-unstable",
        "repo": "nixpkgs",
        "type": "github"
      }
    },
    "root": {
      "inputs": {
        "nixpkgs": "nixpkgs"
      }
    }
  },
  "root": "root",
  "version": 7
}
