{
  "nodes": {
    "nixpkgs": {
      "locked": {
        "lastModified": 1718543737,
        "narHash": "sha256-e8S/ODM1vkKHIexSVn9nIvne7vRO5M+35VAq/6JOYto=",
        "owner": "NixOS",
        "repo": "nixpkgs",
        "rev": "683aa7c4e385509ca651d49eeb35e58c7a1baad6",
        "type": "github"
      },
      "original": {
        "owner": "NixOS",
        "ref": "nixpkgs-unstable",
        "repo": "nixpkgs",
        "type": "github"
      }
    },
    "root": {
      "inputs": {
        "nixpkgs": "nixpkgs"
      }
    }
  },
  "root": "root",
  "version": 7
}
