# This file is automatically @generated by Cargo.
# It is not intended for manual editing.
version = 3

[[package]]
name = "byteorder"
version = "1.4.3"
source = "git+https://github.com/BurntSushi/byteorder.git#663358f9d29bddadc1a8e84290ec96925f2cb851"

[[package]]
name = "hermit-abi"
version = "0.1.19"
source = "registry+https://github.com/rust-lang/crates.io-index"
checksum = "62b467343b94ba476dcb2500d242dadbb39557df889310ac77c5d99100aaac33"
dependencies = [
 "libc 0.2.117 (registry+https://github.com/rust-lang/crates.io-index)",
]

[[package]]
name = "libc"
version = "0.2.117"
source = "registry+https://github.com/rust-lang/crates.io-index"
checksum = "e74d72e0f9b65b5b4ca49a346af3976df0f9c61d550727f349ecd559f251a26c"

[[package]]
name = "libc"
version = "0.2.117"
source = "git+https://github.com/rust-lang/libc.git?branch=master#c8ca99b26b335d34aad4fdae1e19b687252e1bdd"

[[package]]
name = "num_cpus"
version = "1.13.1"
source = "git+https://github.com/seanmonstar/num_cpus.git?tag=v1.13.1#5f1b03332000b4c4274b5bd35fac516049ff1c6b"
dependencies = [
 "hermit-abi",
 "libc 0.2.117 (registry+https://github.com/rust-lang/crates.io-index)",
]

[[package]]
name = "rustversion"
version = "1.0.6"
source = "git+https://github.com/dtolnay/rustversion.git?rev=2abd4d0e00db08bb91145cb88e5dcbad2f45bbcb#2abd4d0e00db08bb91145cb88e5dcbad2f45bbcb"

[[package]]
name = "simple-git"
version = "0.1.0"
dependencies = [
 "byteorder",
 "libc 0.2.117 (git+https://github.com/rust-lang/libc.git?branch=master)",
 "num_cpus",
 "rustversion",
]
