# This file is automatically @generated by Cargo.
# It is not intended for manual editing.
version = 4

[[package]]
name = "cc"
version = "1.2.4"
source = "registry+https://github.com/rust-lang/crates.io-index"
checksum = "9157bbaa6b165880c27a4293a474c91cdcf265cc68cc829bf10be0964a391caf"
dependencies = [
 "shlex",
]

[[package]]
name = "cross-rust-overlay"
version = "0.1.0"
dependencies = [
 "openssl-sys",
]

[[package]]
name = "libc"
version = "0.2.168"
source = "registry+https://github.com/rust-lang/crates.io-index"
checksum = "5aaeb2981e0606ca11d79718f8bb01164f1d6ed75080182d3abf017e6d244b6d"

[[package]]
name = "openssl-sys"
version = "0.9.104"
source = "registry+https://github.com/rust-lang/crates.io-index"
checksum = "45abf306cbf99debc8195b66b7346498d7b10c210de50418b5ccd7ceba08c741"
dependencies = [
 "cc",
 "libc",
 "pkg-config",
 "vcpkg",
]

[[package]]
name = "pkg-config"
version = "0.3.31"
source = "registry+https://github.com/rust-lang/crates.io-index"
checksum = "953ec861398dccce10c670dfeaf3ec4911ca479e9c02154b3a215178c5f566f2"

[[package]]
name = "shlex"
version = "1.3.0"
source = "registry+https://github.com/rust-lang/crates.io-index"
checksum = "0fda2ff0d084019ba4d7c6f371c95d8fd75ce3524c3cb8fb653a3023f6323e64"

[[package]]
name = "vcpkg"
version = "0.2.15"
source = "registry+https://github.com/rust-lang/crates.io-index"
checksum = "accd4ea62f7bb7a82fe23066fb0957d48ef677f6eeb8215f372f52e48bb32426"
