# This file is automatically @generated by Cargo.
# It is not intended for manual editing.
version = 3

[[package]]
name = "byteorder"
version = "1.5.0"
source = "registry+https://github.com/rust-lang/crates.io-index"
checksum = "1fd0f2584146f6f2ef48085050886acf353beff7305ebd1ae69500e27c67f64b"

[[package]]
name = "hello"
version = "0.2.0"
source = "git+https://github.com/ipetkov/crane-test-repo.git#be0d3c039d260457a55c26e229ad9aa30242c2cf"
dependencies = [
 "byteorder",
]

[[package]]
name = "print"
version = "0.2.0"
source = "git+https://github.com/ipetkov/crane-test-repo.git#be0d3c039d260457a55c26e229ad9aa30242c2cf"
dependencies = [
 "hello",
 "world",
]

[[package]]
name = "simple-git-workspace-inheritance"
version = "0.1.0"
dependencies = [
 "print",
]

[[package]]
name = "world"
version = "0.2.0"
source = "git+https://github.com/ipetkov/crane-test-repo.git#be0d3c039d260457a55c26e229ad9aa30242c2cf"
dependencies = [
 "byteorder",
]
